{
  "name": "trip-platform-web",
  "version": "0.1.0",
  "lockfileVersion": 3,
  "requires": true,
  "packages": {
    "": {
      "name": "trip-platform-web",
      "version": "0.1.0",
      "dependencies": {
        "express": "^4.21.0"
      },
      "devDependencies": {
        "esbuild": "^0.24.0",
        "eslint": "^9.0.0"
      }
    }
  }
}
